
Microsoft Visual Studio Solution File, Format Version 12.00
# Visual Studio 14
VisualStudioVersion = 14.0.25420.1
MinimumVisualStudioVersion = 10.0.40219.1
Project("{FAE04EC0-301F-11D3-BF4B-00C04F79EFBC}") = "FolderApp", "FolderApp\FolderApp.csproj", "{B7FC45A0-11A2-4C3D-AE91-5308186CC086}"
EndProject
Project("{FAE04EC0-301F-11D3-BF4B-00C04F79EFBC}") = "SerializeTest", "..\SerializeTest\SerializeTest\SerializeTest.csproj", "{FF70124A-E13E-4AFA-BD7A-7D96E6E5E6EF}"
EndProject
Global
	GlobalSection(SolutionConfigurationPlatforms) = preSolution
		Debug|Any CPU = Debug|Any CPU
		Release|Any CPU = Release|Any CPU
	EndGlobalSection
	GlobalSection(ProjectConfigurationPlatforms) = postSolution
		{B7FC45A0-11A2-4C3D-AE91-5308186CC086}.Debug|Any CPU.ActiveCfg = Debug|Any CPU
		{B7FC45A0-11A2-4C3D-AE91-5308186CC086}.Debug|Any CPU.Build.0 = Debug|Any CPU
		{B7FC45A0-11A2-4C3D-AE91-5308186CC086}.Release|Any CPU.ActiveCfg = Release|Any CPU
		{B7FC45A0-11A2-4C3D-AE91-5308186CC086}.Release|Any CPU.Build.0 = Release|Any CPU
		{FF70124A-E13E-4AFA-BD7A-7D96E6E5E6EF}.Debug|Any CPU.ActiveCfg = Debug|Any CPU
		{FF70124A-E13E-4AFA-BD7A-7D96E6E5E6EF}.Debug|Any CPU.Build.0 = Debug|Any CPU
		{FF70124A-E13E-4AFA-BD7A-7D96E6E5E6EF}.Release|Any CPU.ActiveCfg = Release|Any CPU
		{FF70124A-E13E-4AFA-BD7A-7D96E6E5E6EF}.Release|Any CPU.Build.0 = Release|Any CPU
	EndGlobalSection
	GlobalSection(SolutionProperties) = preSolution
		HideSolutionNode = FALSE
	EndGlobalSection
EndGlobal
